
Microsoft Visual Studio Solution File, Format Version 12.00
# Visual Studio Version 17
VisualStudioVersion = 17.6.33815.320
MinimumVisualStudioVersion = 10.0.40219.1
Project("{9A19103F-16F7-4668-BE54-9A1E7A4F7556}") = "StochasticSearchLib", "StochasticSearchLib\StochasticSearchLib.csproj", "{7C3B60F8-AECB-437F-994F-BC99481C7FE8}"
EndProject
Project("{FAE04EC0-301F-11D3-BF4B-00C04F79EFBC}") = "Tests", "Tests\Tests.csproj", "{8284652F-89C5-4DB5-A419-7FE50840F2C7}"
EndProject
Project("{FAE04EC0-301F-11D3-BF4B-00C04F79EFBC}") = "Playground", "Playground\Playground.csproj", "{D7F547CE-673C-4A52-861D-DF25B3204AD8}"
EndProject
Global
	GlobalSection(SolutionConfigurationPlatforms) = preSolution
		Debug|Any CPU = Debug|Any CPU
		Release|Any CPU = Release|Any CPU
	EndGlobalSection
	GlobalSection(ProjectConfigurationPlatforms) = postSolution
		{7C3B60F8-AECB-437F-994F-BC99481C7FE8}.Debug|Any CPU.ActiveCfg = Debug|Any CPU
		{7C3B60F8-AECB-437F-994F-BC99481C7FE8}.Debug|Any CPU.Build.0 = Debug|Any CPU
		{7C3B60F8-AECB-437F-994F-BC99481C7FE8}.Release|Any CPU.ActiveCfg = Release|Any CPU
		{7C3B60F8-AECB-437F-994F-BC99481C7FE8}.Release|Any CPU.Build.0 = Release|Any CPU
		{8284652F-89C5-4DB5-A419-7FE50840F2C7}.Debug|Any CPU.ActiveCfg = Debug|Any CPU
		{8284652F-89C5-4DB5-A419-7FE50840F2C7}.Debug|Any CPU.Build.0 = Debug|Any CPU
		{8284652F-89C5-4DB5-A419-7FE50840F2C7}.Release|Any CPU.ActiveCfg = Release|Any CPU
		{8284652F-89C5-4DB5-A419-7FE50840F2C7}.Release|Any CPU.Build.0 = Release|Any CPU
		{D7F547CE-673C-4A52-861D-DF25B3204AD8}.Debug|Any CPU.ActiveCfg = Debug|Any CPU
		{D7F547CE-673C-4A52-861D-DF25B3204AD8}.Debug|Any CPU.Build.0 = Debug|Any CPU
		{D7F547CE-673C-4A52-861D-DF25B3204AD8}.Release|Any CPU.ActiveCfg = Release|Any CPU
		{D7F547CE-673C-4A52-861D-DF25B3204AD8}.Release|Any CPU.Build.0 = Release|Any CPU
	EndGlobalSection
	GlobalSection(SolutionProperties) = preSolution
		HideSolutionNode = FALSE
	EndGlobalSection
	GlobalSection(ExtensibilityGlobals) = postSolution
		SolutionGuid = {A8C71952-3167-4679-8550-D48241A6DDC6}
	EndGlobalSection
EndGlobal
